
Microsoft Visual Studio Solution File, Format Version 12.00
# Visual Studio Version 17
VisualStudioVersion = 17.3.32929.385
MinimumVisualStudioVersion = 10.0.40219.1
Project("{FAE04EC0-301F-11D3-BF4B-00C04F79EFBC}") = "RevitRibbonUtils", "RevitRibbonUtils\RevitRibbonUtils.csproj", "{A3C31E47-8826-4B71-B878-524DD38453D0}"
EndProject
Global
	GlobalSection(SolutionConfigurationPlatforms) = preSolution
		Debug|Any CPU = Debug|Any CPU
		Debug|x64 = Debug|x64
		Release|Any CPU = Release|Any CPU
		Release|x64 = Release|x64
	EndGlobalSection
	GlobalSection(ProjectConfigurationPlatforms) = postSolution
		{A3C31E47-8826-4B71-B878-524DD38453D0}.Debug|Any CPU.ActiveCfg = Debug|Any CPU
		{A3C31E47-8826-4B71-B878-524DD38453D0}.Debug|Any CPU.Build.0 = Debug|Any CPU
		{A3C31E47-8826-4B71-B878-524DD38453D0}.Debug|x64.ActiveCfg = Debug|x64
		{A3C31E47-8826-4B71-B878-524DD38453D0}.Debug|x64.Build.0 = Debug|x64
		{A3C31E47-8826-4B71-B878-524DD38453D0}.Release|Any CPU.ActiveCfg = Release|Any CPU
		{A3C31E47-8826-4B71-B878-524DD38453D0}.Release|Any CPU.Build.0 = Release|Any CPU
		{A3C31E47-8826-4B71-B878-524DD38453D0}.Release|x64.ActiveCfg = Release|x64
		{A3C31E47-8826-4B71-B878-524DD38453D0}.Release|x64.Build.0 = Release|x64
	EndGlobalSection
	GlobalSection(SolutionProperties) = preSolution
		HideSolutionNode = FALSE
	EndGlobalSection
	GlobalSection(ExtensibilityGlobals) = postSolution
		SolutionGuid = {407420BF-DD12-421C-BDF3-E990AEE337F8}
	EndGlobalSection
EndGlobal
